schema: '2.0'
stages:
  clean_data:
    cmd: python src/clean_data.py
    deps:
    - path: data/Sleep_health_and_lifestyle_dataset.csv
      hash: md5
      md5: 4593a8d5c0b85b0f260dd0668b67a6ca
      size: 24194
    - path: src/clean_data.py
      hash: md5
      md5: f1ff074555cfd0d44a6eed985e967dd6
      size: 408
    outs:
    - path: data/cleaned_data.csv
      hash: md5
      md5: b662b256290aaa95b1e932d1e51bf390
      size: 10965
  remove_duplicates:
    cmd: python src/remove_duplicates.py
    deps:
    - path: data/cleaned_data.csv
      hash: md5
      md5: b662b256290aaa95b1e932d1e51bf390
      size: 10965
    - path: src/remove_duplicates.py
      hash: md5
      md5: 601f2e0a24fa30e4e9d4ae09f5d30f49
      size: 441
    outs:
    - path: data/remduplicated_data.csv
      hash: md5
      md5: b662b256290aaa95b1e932d1e51bf390
      size: 10965
