schema: '2.0'
stages:
  clean_data:
    cmd: python src/clean_data.py
    deps:
    - path: data/Sleep_health_and_lifestyle_dataset.csv
      hash: md5
      md5: fc2e4b0df4073a4544b725b4540513b6
      size: 24137
    - path: src/clean_data.py
      hash: md5
      md5: f1ff074555cfd0d44a6eed985e967dd6
      size: 408
    outs:
    - path: data/cleaned_data.csv
      hash: md5
      md5: b662b256290aaa95b1e932d1e51bf390
      size: 10965
  remove_duplicates:
    cmd: python src/remove_dublicates.py
    deps:
    - path: data/cleaned_data.csv
      hash: md5
      md5: b662b256290aaa95b1e932d1e51bf390
      size: 10965
    - path: src/remove_dublicates.py
      hash: md5
      md5: 3c516b8264db31506d4dbffcee43bc5f
      size: 441
    outs:
    - path: data/remdublicated_data.csv
      hash: md5
      md5: b662b256290aaa95b1e932d1e51bf390
      size: 10965
